
Microsoft Visual Studio Solution File, Format Version 12.00
# Visual Studio Version 17
VisualStudioVersion = 17.0.31919.166
MinimumVisualStudioVersion = 10.0.40219.1
Project("{FAE04EC0-301F-11D3-BF4B-00C04F79EFBC}") = "Generator", "Generator\Generator.csproj", "{725F0722-B6E0-45FB-BBFF-89015558AE88}"
EndProject
Project("{FAE04EC0-301F-11D3-BF4B-00C04F79EFBC}") = "TetsingServer", "TetsingServer\TetsingServer.csproj", "{A644B8A5-4AD8-457C-B24E-3069579D6818}"
EndProject
Project("{FAE04EC0-301F-11D3-BF4B-00C04F79EFBC}") = "Client", "Client\Client.csproj", "{11EF01BD-36BB-4C05-B047-81D39E31CDEB}"
EndProject
Global
	GlobalSection(SolutionConfigurationPlatforms) = preSolution
		Debug|Any CPU = Debug|Any CPU
		Release|Any CPU = Release|Any CPU
	EndGlobalSection
	GlobalSection(ProjectConfigurationPlatforms) = postSolution
		{725F0722-B6E0-45FB-BBFF-89015558AE88}.Debug|Any CPU.ActiveCfg = Debug|Any CPU
		{725F0722-B6E0-45FB-BBFF-89015558AE88}.Debug|Any CPU.Build.0 = Debug|Any CPU
		{725F0722-B6E0-45FB-BBFF-89015558AE88}.Release|Any CPU.ActiveCfg = Release|Any CPU
		{725F0722-B6E0-45FB-BBFF-89015558AE88}.Release|Any CPU.Build.0 = Release|Any CPU
		{A644B8A5-4AD8-457C-B24E-3069579D6818}.Debug|Any CPU.ActiveCfg = Debug|Any CPU
		{A644B8A5-4AD8-457C-B24E-3069579D6818}.Debug|Any CPU.Build.0 = Debug|Any CPU
		{A644B8A5-4AD8-457C-B24E-3069579D6818}.Release|Any CPU.ActiveCfg = Release|Any CPU
		{A644B8A5-4AD8-457C-B24E-3069579D6818}.Release|Any CPU.Build.0 = Release|Any CPU
		{11EF01BD-36BB-4C05-B047-81D39E31CDEB}.Debug|Any CPU.ActiveCfg = Debug|Any CPU
		{11EF01BD-36BB-4C05-B047-81D39E31CDEB}.Debug|Any CPU.Build.0 = Debug|Any CPU
		{11EF01BD-36BB-4C05-B047-81D39E31CDEB}.Release|Any CPU.ActiveCfg = Release|Any CPU
		{11EF01BD-36BB-4C05-B047-81D39E31CDEB}.Release|Any CPU.Build.0 = Release|Any CPU
	EndGlobalSection
	GlobalSection(SolutionProperties) = preSolution
		HideSolutionNode = FALSE
	EndGlobalSection
	GlobalSection(ExtensibilityGlobals) = postSolution
		SolutionGuid = {3709E0CD-7F1C-451E-8943-F1384F58860D}
	EndGlobalSection
EndGlobal
